// !$*UTF8*$!
{
	archiveVersion = 1;
	classes = {
	};
	objectVersion = 48;
	objects = {

/* Begin PBXBuildFile section */
		9DC8E666201012F600E25FA6 /* AppDelegate.swift in Sources */ = {isa = PBXBuildFile; fileRef = 9DC8E665201012F600E25FA6 /* AppDelegate.swift */; };
		9DC8E668201012F600E25FA6 /* ViewController.swift in Sources */ = {isa = PBXBuildFile; fileRef = 9DC8E667201012F600E25FA6 /* ViewController.swift */; };
		9DC8E66B201012F600E25FA6 /* Main.storyboard in Resources */ = {isa = PBXBuildFile; fileRef = 9DC8E669201012F600E25FA6 /* Main.storyboard */; };
		9DC8E66D201012F600E25FA6 /* Assets.xcassets in Resources */ = {isa = PBXBuildFile; fileRef = 9DC8E66C201012F600E25FA6 /* Assets.xcassets */; };
		9DC8E670201012F600E25FA6 /* LaunchScreen.storyboard in Resources */ = {isa = PBXBuildFile; fileRef = 9DC8E66E201012F600E25FA6 /* LaunchScreen.storyboard */; };
		9DC8E67B201012F600E25FA6 /* GradesIOSTests.swift in Sources */ = {isa = PBXBuildFile; fileRef = 9DC8E67A201012F600E25FA6 /* GradesIOSTests.swift */; };
/* End PBXBuildFile section */

/* Begin PBXContainerItemProxy section */
		9DC8E677201012F600E25FA6 /* PBXContainerItemProxy */ = {
			isa = PBXContainerItemProxy;
			containerPortal = 9DC8E65A201012F600E25FA6 /* Project object */;
			proxyType = 1;
			remoteGlobalIDString = 9DC8E661201012F600E25FA6;
			remoteInfo = GradesIOS;
		};
/* End PBXContainerItemProxy section */

/* Begin PBXFileReference section */
		9DC8E662201012F600E25FA6 /* GradesIOS.app */ = {isa = PBXFileReference; explicitFileType = wrapper.application; includeInIndex = 0; path = GradesIOS.app; sourceTree = BUILT_PRODUCTS_DIR; };
		9DC8E665201012F600E25FA6 /* AppDelegate.swift */ = {isa = PBXFileReference; lastKnownFileType = sourcecode.swift; path = AppDelegate.swift; sourceTree = "<group>"; };
		9DC8E667201012F600E25FA6 /* ViewController.swift */ = {isa = PBXFileReference; lastKnownFileType = sourcecode.swift; path = ViewController.swift; sourceTree = "<group>"; };
		9DC8E66A201012F600E25FA6 /* Base */ = {isa = PBXFileReference; lastKnownFileType = file.storyboard; name = Base; path = Base.lproj/Main.storyboard; sourceTree = "<group>"; };
		9DC8E66C201012F600E25FA6 /* Assets.xcassets */ = {isa = PBXFileReference; lastKnownFileType = folder.assetcatalog; path = Assets.xcassets; sourceTree = "<group>"; };
		9DC8E66F201012F600E25FA6 /* Base */ = {isa = PBXFileReference; lastKnownFileType = file.storyboard; name = Base; path = Base.lproj/LaunchScreen.storyboard; sourceTree = "<group>"; };
		9DC8E671201012F600E25FA6 /* Info.plist */ = {isa = PBXFileReference; lastKnownFileType = text.plist.xml; path = Info.plist; sourceTree = "<group>"; };
		9DC8E676201012F600E25FA6 /* GradesIOSTests.xctest */ = {isa = PBXFileReference; explicitFileType = wrapper.cfbundle; includeInIndex = 0; path = GradesIOSTests.xctest; sourceTree = BUILT_PRODUCTS_DIR; };
		9DC8E67A201012F600E25FA6 /* GradesIOSTests.swift */ = {isa = PBXFileReference; lastKnownFileType = sourcecode.swift; path = GradesIOSTests.swift; sourceTree = "<group>"; };
		9DC8E67C201012F600E25FA6 /* Info.plist */ = {isa = PBXFileReference; lastKnownFileType = text.plist.xml; path = Info.plist; sourceTree = "<group>"; };
/* End PBXFileReference section */

/* Begin PBXFrameworksBuildPhase section */
		9DC8E65F201012F600E25FA6 /* Frameworks */ = {
			isa = PBXFrameworksBuildPhase;
			buildActionMask = 2147483647;
			files = (
			);
			runOnlyForDeploymentPostprocessing = 0;
		};
		9DC8E673201012F600E25FA6 /* Frameworks */ = {
			isa = PBXFrameworksBuildPhase;
			buildActionMask = 2147483647;
			files = (
			);
			runOnlyForDeploymentPostprocessing = 0;
		};
/* End PBXFrameworksBuildPhase section */

/* Begin PBXGroup section */
		9DC8E659201012F600E25FA6 = {
			isa = PBXGroup;
			children = (
				9DC8E664201012F600E25FA6 /* GradesIOS */,
				9DC8E679201012F600E25FA6 /* GradesIOSTests */,
				9DC8E663201012F600E25FA6 /* Products */,
			);
			sourceTree = "<group>";
		};
		9DC8E663201012F600E25FA6 /* Products */ = {
			isa = PBXGroup;
			children = (
				9DC8E662201012F600E25FA6 /* GradesIOS.app */,
				9DC8E676201012F600E25FA6 /* GradesIOSTests.xctest */,
			);
			name = Products;
			sourceTree = "<group>";
		};
		9DC8E664201012F600E25FA6 /* GradesIOS */ = {
			isa = PBXGroup;
			children = (
				9DC8E665201012F600E25FA6 /* AppDelegate.swift */,
				9DC8E667201012F600E25FA6 /* ViewController.swift */,
				9DC8E669201012F600E25FA6 /* Main.storyboard */,
				9DC8E66C201012F600E25FA6 /* Assets.xcassets */,
				9DC8E66E201012F600E25FA6 /* LaunchScreen.storyboard */,
				9DC8E671201012F600E25FA6 /* Info.plist */,
			);
			path = GradesIOS;
			sourceTree = "<group>";
		};
		9DC8E679201012F600E25FA6 /* GradesIOSTests */ = {
			isa = PBXGroup;
			children = (
				9DC8E67A201012F600E25FA6 /* GradesIOSTests.swift */,
				9DC8E67C201012F600E25FA6 /* Info.plist */,
			);
			path = GradesIOSTests;
			sourceTree = "<group>";
		};
/* End PBXGroup section */

/* Begin PBXNativeTarget section */
		9DC8E661201012F600E25FA6 /* GradesIOS */ = {
			isa = PBXNativeTarget;
			buildConfigurationList = 9DC8E67F201012F600E25FA6 /* Build configuration list for PBXNativeTarget "GradesIOS" */;
			buildPhases = (
				9DC8E65E201012F600E25FA6 /* Sources */,
				9DC8E65F201012F600E25FA6 /* Frameworks */,
				9DC8E660201012F600E25FA6 /* Resources */,
			);
			buildRules = (
			);
			dependencies = (
			);
			name = GradesIOS;
			productName = GradesIOS;
			productReference = 9DC8E662201012F600E25FA6 /* GradesIOS.app */;
			productType = "com.apple.product-type.application";
		};
		9DC8E675201012F600E25FA6 /* GradesIOSTests */ = {
			isa = PBXNativeTarget;
			buildConfigurationList = 9DC8E682201012F600E25FA6 /* Build configuration list for PBXNativeTarget "GradesIOSTests" */;
			buildPhases = (
				9DC8E672201012F600E25FA6 /* Sources */,
				9DC8E673201012F600E25FA6 /* Frameworks */,
				9DC8E674201012F600E25FA6 /* Resources */,
			);
			buildRules = (
			);
			dependencies = (
				9DC8E678201012F600E25FA6 /* PBXTargetDependency */,
			);
			name = GradesIOSTests;
			productName = GradesIOSTests;
			productReference = 9DC8E676201012F600E25FA6 /* GradesIOSTests.xctest */;
			productType = "com.apple.product-type.bundle.unit-test";
		};
/* End PBXNativeTarget section */

/* Begin PBXProject section */
		9DC8E65A201012F600E25FA6 /* Project object */ = {
			isa = PBXProject;
			attributes = {
				LastSwiftUpdateCheck = 0920;
				LastUpgradeCheck = 0920;
				ORGANIZATIONNAME = "Inna Soboleva";
				TargetAttributes = {
					9DC8E661201012F600E25FA6 = {
						CreatedOnToolsVersion = 9.2;
						ProvisioningStyle = Automatic;
					};
					9DC8E675201012F600E25FA6 = {
						CreatedOnToolsVersion = 9.2;
						ProvisioningStyle = Automatic;
						TestTargetID = 9DC8E661201012F600E25FA6;
					};
				};
			};
			buildConfigurationList = 9DC8E65D201012F600E25FA6 /* Build configuration list for PBXProject "GradesIOS" */;
			compatibilityVersion = "Xcode 8.0";
			developmentRegion = en;
			hasScannedForEncodings = 0;
			knownRegions = (
				en,
				Base,
			);
			mainGroup = 9DC8E659201012F600E25FA6;
			productRefGroup = 9DC8E663201012F600E25FA6 /* Products */;
			projectDirPath = "";
			projectRoot = "";
			targets = (
				9DC8E661201012F600E25FA6 /* GradesIOS */,
				9DC8E675201012F600E25FA6 /* GradesIOSTests */,
			);
		};
/* End PBXProject section */

/* Begin PBXResourcesBuildPhase section */
		9DC8E660201012F600E25FA6 /* Resources */ = {
			isa = PBXResourcesBuildPhase;
			buildActionMask = 2147483647;
			files = (
				9DC8E670201012F600E25FA6 /* LaunchScreen.storyboard in Resources */,
				9DC8E66D201012F600E25FA6 /* Assets.xcassets in Resources */,
				9DC8E66B201012F600E25FA6 /* Main.storyboard in Resources */,
			);
			runOnlyForDeploymentPostprocessing = 0;
		};
		9DC8E674201012F600E25FA6 /* Resources */ = {
			isa = PBXResourcesBuildPhase;
			buildActionMask = 2147483647;
			files = (
			);
			runOnlyForDeploymentPostprocessing = 0;
		};
/* End PBXResourcesBuildPhase section */

/* Begin PBXSourcesBuildPhase section */
		9DC8E65E201012F600E25FA6 /* Sources */ = {
			isa = PBXSourcesBuildPhase;
			buildActionMask = 2147483647;
			files = (
				9DC8E668201012F600E25FA6 /* ViewController.swift in Sources */,
				9DC8E666201012F600E25FA6 /* AppDelegate.swift in Sources */,
			);
			runOnlyForDeploymentPostprocessing = 0;
		};
		9DC8E672201012F600E25FA6 /* Sources */ = {
			isa = PBXSourcesBuildPhase;
			buildActionMask = 2147483647;
			files = (
				9DC8E67B201012F600E25FA6 /* GradesIOSTests.swift in Sources */,
			);
			runOnlyForDeploymentPostprocessing = 0;
		};
/* End PBXSourcesBuildPhase section */

/* Begin PBXTargetDependency section */
		9DC8E678201012F600E25FA6 /* PBXTargetDependency */ = {
			isa = PBXTargetDependency;
			target = 9DC8E661201012F600E25FA6 /* GradesIOS */;
			targetProxy = 9DC8E677201012F600E25FA6 /* PBXContainerItemProxy */;
		};
/* End PBXTargetDependency section */

/* Begin PBXVariantGroup section */
		9DC8E669201012F600E25FA6 /* Main.storyboard */ = {
			isa = PBXVariantGroup;
			children = (
				9DC8E66A201012F600E25FA6 /* Base */,
			);
			name = Main.storyboard;
			sourceTree = "<group>";
		};
		9DC8E66E201012F600E25FA6 /* LaunchScreen.storyboard */ = {
			isa = PBXVariantGroup;
			children = (
				9DC8E66F201012F600E25FA6 /* Base */,
			);
			name = LaunchScreen.storyboard;
			sourceTree = "<group>";
		};
/* End PBXVariantGroup section */

/* Begin XCBuildConfiguration section */
		9DC8E67D201012F600E25FA6 /* Debug */ = {
			isa = XCBuildConfiguration;
			buildSettings = {
				ALWAYS_SEARCH_USER_PATHS = NO;
				CLANG_ANALYZER_NONNULL = YES;
				CLANG_ANALYZER_NUMBER_OBJECT_CONVERSION = YES_AGGRESSIVE;
				CLANG_CXX_LANGUAGE_STANDARD = "gnu++14";
				CLANG_CXX_LIBRARY = "libc++";
				CLANG_ENABLE_MODULES = YES;
				CLANG_ENABLE_OBJC_ARC = YES;
				CLANG_WARN_BLOCK_CAPTURE_AUTORELEASING = YES;
				CLANG_WARN_BOOL_CONVERSION = YES;
				CLANG_WARN_COMMA = YES;
				CLANG_WARN_CONSTANT_CONVERSION = YES;
				CLANG_WARN_DIRECT_OBJC_ISA_USAGE = YES_ERROR;
				CLANG_WARN_DOCUMENTATION_COMMENTS = YES;
				CLANG_WARN_EMPTY_BODY = YES;
				CLANG_WARN_ENUM_CONVERSION = YES;
				CLANG_WARN_INFINITE_RECURSION = YES;
				CLANG_WARN_INT_CONVERSION = YES;
				CLANG_WARN_NON_LITERAL_NULL_CONVERSION = YES;
				CLANG_WARN_OBJC_LITERAL_CONVERSION = YES;
				CLANG_WARN_OBJC_ROOT_CLASS = YES_ERROR;
				CLANG_WARN_RANGE_LOOP_ANALYSIS = YES;
				CLANG_WARN_STRICT_PROTOTYPES = YES;
				CLANG_WARN_SUSPICIOUS_MOVE = YES;
				CLANG_WARN_UNGUARDED_AVAILABILITY = YES_AGGRESSIVE;
				CLANG_WARN_UNREACHABLE_CODE = YES;
				CLANG_WARN__DUPLICATE_METHOD_MATCH = YES;
				CODE_SIGN_IDENTITY = "iPhone Developer";
				COPY_PHASE_STRIP = NO;
				DEBUG_INFORMATION_FORMAT = dwarf;
				ENABLE_STRICT_OBJC_MSGSEND = YES;
				ENABLE_TESTABILITY = YES;
				GCC_C_LANGUAGE_STANDARD = gnu11;
				GCC_DYNAMIC_NO_PIC = NO;
				GCC_NO_COMMON_BLOCKS = YES;
				GCC_OPTIMIZATION_LEVEL = 0;
				GCC_PREPROCESSOR_DEFINITIONS = (
					"DEBUG=1",
					"$(inherited)",
				);
				GCC_WARN_64_TO_32_BIT_CONVERSION = YES;
				GCC_WARN_ABOUT_RETURN_TYPE = YES_ERROR;
				GCC_WARN_UNDECLARED_SELECTOR = YES;
				GCC_WARN_UNINITIALIZED_AUTOS = YES_AGGRESSIVE;
				GCC_WARN_UNUSED_FUNCTION = YES;
				GCC_WARN_UNUSED_VARIABLE = YES;
				IPHONEOS_DEPLOYMENT_TARGET = 11.2;
				MTL_ENABLE_DEBUG_INFO = YES;
				ONLY_ACTIVE_ARCH = YES;
				SDKROOT = iphoneos;
				SWIFT_ACTIVE_COMPILATION_CONDITIONS = DEBUG;
				SWIFT_OPTIMIZATION_LEVEL = "-Onone";
			};
			name = Debug;
		};
		9DC8E67E201012F600E25FA6 /* Release */ = {
			isa = XCBuildConfiguration;
			buildSettings = {
				ALWAYS_SEARCH_USER_PATHS = NO;
				CLANG_ANALYZER_NONNULL = YES;
				CLANG_ANALYZER_NUMBER_OBJECT_CONVERSION = YES_AGGRESSIVE;
				CLANG_CXX_LANGUAGE_STANDARD = "gnu++14";
				CLANG_CXX_LIBRARY = "libc++";
				CLANG_ENABLE_MODULES = YES;
				CLANG_ENABLE_OBJC_ARC = YES;
				CLANG_WARN_BLOCK_CAPTURE_AUTORELEASING = YES;
				CLANG_WARN_BOOL_CONVERSION = YES;
				CLANG_WARN_COMMA = YES;
				CLANG_WARN_CONSTANT_CONVERSION = YES;
				CLANG_WARN_DIRECT_OBJC_ISA_USAGE = YES_ERROR;
				CLANG_WARN_DOCUMENTATION_COMMENTS = YES;
				CLANG_WARN_EMPTY_BODY = YES;
				CLANG_WARN_ENUM_CONVERSION = YES;
				CLANG_WARN_INFINITE_RECURSION = YES;
				CLANG_WARN_INT_CONVERSION = YES;
				CLANG_WARN_NON_LITERAL_NULL_CONVERSION = YES;
				CLANG_WARN_OBJC_LITERAL_CONVERSION = YES;
				CLANG_WARN_OBJC_ROOT_CLASS = YES_ERROR;
				CLANG_WARN_RANGE_LOOP_ANALYSIS = YES;
				CLANG_WARN_STRICT_PROTOTYPES = YES;
				CLANG_WARN_SUSPICIOUS_MOVE = YES;
				CLANG_WARN_UNGUARDED_AVAILABILITY = YES_AGGRESSIVE;
				CLANG_WARN_UNREACHABLE_CODE = YES;
				CLANG_WARN__DUPLICATE_METHOD_MATCH = YES;
				CODE_SIGN_IDENTITY = "iPhone Developer";
				COPY_PHASE_STRIP = NO;
				DEBUG_INFORMATION_FORMAT = "dwarf-with-dsym";
				ENABLE_NS_ASSERTIONS = NO;
				ENABLE_STRICT_OBJC_MSGSEND = YES;
				GCC_C_LANGUAGE_STANDARD = gnu11;
				GCC_NO_COMMON_BLOCKS = YES;
				GCC_WARN_64_TO_32_BIT_CONVERSION = YES;
				GCC_WARN_ABOUT_RETURN_TYPE = YES_ERROR;
				GCC_WARN_UNDECLARED_SELECTOR = YES;
				GCC_WARN_UNINITIALIZED_AUTOS = YES_AGGRESSIVE;
				GCC_WARN_UNUSED_FUNCTION = YES;
				GCC_WARN_UNUSED_VARIABLE = YES;
				IPHONEOS_DEPLOYMENT_TARGET = 11.2;
				MTL_ENABLE_DEBUG_INFO = NO;
				SDKROOT = iphoneos;
				SWIFT_OPTIMIZATION_LEVEL = "-Owholemodule";
				VALIDATE_PRODUCT = YES;
			};
			name = Release;
		};
		9DC8E680201012F600E25FA6 /* Debug */ = {
			isa = XCBuildConfiguration;
			buildSettings = {
				ASSETCATALOG_COMPILER_APPICON_NAME = AppIcon;
				CODE_SIGN_STYLE = Automatic;
				DEVELOPMENT_TEAM = L7MLDD8XJ5;
				INFOPLIST_FILE = GradesIOS/Info.plist;
				LD_RUNPATH_SEARCH_PATHS = "$(inherited) @executable_path/Frameworks";
				PRODUCT_BUNDLE_IDENTIFIER = "Inna-Soboleva.GradesIOS";
				PRODUCT_NAME = "$(TARGET_NAME)";
				SWIFT_VERSION = 4.0;
				TARGETED_DEVICE_FAMILY = "1,2";
			};
			name = Debug;
		};
		9DC8E681201012F600E25FA6 /* Release */ = {
			isa = XCBuildConfiguration;
			buildSettings = {
				ASSETCATALOG_COMPILER_APPICON_NAME = AppIcon;
				CODE_SIGN_STYLE = Automatic;
				DEVELOPMENT_TEAM = L7MLDD8XJ5;
				INFOPLIST_FILE = GradesIOS/Info.plist;
				LD_RUNPATH_SEARCH_PATHS = "$(inherited) @executable_path/Frameworks";
				PRODUCT_BUNDLE_IDENTIFIER = "Inna-Soboleva.GradesIOS";
				PRODUCT_NAME = "$(TARGET_NAME)";
				SWIFT_VERSION = 4.0;
				TARGETED_DEVICE_FAMILY = "1,2";
			};
			name = Release;
		};
		9DC8E683201012F600E25FA6 /* Debug */ = {
			isa = XCBuildConfiguration;
			buildSettings = {
				ALWAYS_EMBED_SWIFT_STANDARD_LIBRARIES = YES;
				BUNDLE_LOADER = "$(TEST_HOST)";
				CODE_SIGN_STYLE = Automatic;
				DEVELOPMENT_TEAM = L7MLDD8XJ5;
				INFOPLIST_FILE = GradesIOSTests/Info.plist;
				LD_RUNPATH_SEARCH_PATHS = "$(inherited) @executable_path/Frameworks @loader_path/Frameworks";
				PRODUCT_BUNDLE_IDENTIFIER = "Inna-Soboleva.GradesIOSTests";
				PRODUCT_NAME = "$(TARGET_NAME)";
				SWIFT_VERSION = 4.0;
				TARGETED_DEVICE_FAMILY = "1,2";
				TEST_HOST = "$(BUILT_PRODUCTS_DIR)/GradesIOS.app/GradesIOS";
			};
			name = Debug;
		};
		9DC8E684201012F600E25FA6 /* Release */ = {
			isa = XCBuildConfiguration;
			buildSettings = {
				ALWAYS_EMBED_SWIFT_STANDARD_LIBRARIES = YES;
				BUNDLE_LOADER = "$(TEST_HOST)";
				CODE_SIGN_STYLE = Automatic;
				DEVELOPMENT_TEAM = L7MLDD8XJ5;
				INFOPLIST_FILE = GradesIOSTests/Info.plist;
				LD_RUNPATH_SEARCH_PATHS = "$(inherited) @executable_path/Frameworks @loader_path/Frameworks";
				PRODUCT_BUNDLE_IDENTIFIER = "Inna-Soboleva.GradesIOSTests";
				PRODUCT_NAME = "$(TARGET_NAME)";
				SWIFT_VERSION = 4.0;
				TARGETED_DEVICE_FAMILY = "1,2";
				TEST_HOST = "$(BUILT_PRODUCTS_DIR)/GradesIOS.app/GradesIOS";
			};
			name = Release;
		};
/* End XCBuildConfiguration section */

/* Begin XCConfigurationList section */
		9DC8E65D201012F600E25FA6 /* Build configuration list for PBXProject "GradesIOS" */ = {
			isa = XCConfigurationList;
			buildConfigurations = (
				9DC8E67D201012F600E25FA6 /* Debug */,
				9DC8E67E201012F600E25FA6 /* Release */,
			);
			defaultConfigurationIsVisible = 0;
			defaultConfigurationName = Release;
		};
		9DC8E67F201012F600E25FA6 /* Build configuration list for PBXNativeTarget "GradesIOS" */ = {
			isa = XCConfigurationList;
			buildConfigurations = (
				9DC8E680201012F600E25FA6 /* Debug */,
				9DC8E681201012F600E25FA6 /* Release */,
			);
			defaultConfigurationIsVisible = 0;
			defaultConfigurationName = Release;
		};
		9DC8E682201012F600E25FA6 /* Build configuration list for PBXNativeTarget "GradesIOSTests" */ = {
			isa = XCConfigurationList;
			buildConfigurations = (
				9DC8E683201012F600E25FA6 /* Debug */,
				9DC8E684201012F600E25FA6 /* Release */,
			);
			defaultConfigurationIsVisible = 0;
			defaultConfigurationName = Release;
		};
/* End XCConfigurationList section */
	};
	rootObject = 9DC8E65A201012F600E25FA6 /* Project object */;
}
